
Microsoft Visual Studio Solution File, Format Version 12.00
# Visual Studio Version 17
VisualStudioVersion = 17.11.35327.3
MinimumVisualStudioVersion = 10.0.40219.1
Project("{8BC9CEB8-8B4A-11D0-8D11-00A0C91BC942}") = "exercice 2 animal", "exercice 2 animal\exercice 2 animal.vcxproj", "{ECDDD825-2F01-4EA4-A055-793DFEDDEF92}"
EndProject
Global
	GlobalSection(SolutionConfigurationPlatforms) = preSolution
		Debug|x64 = Debug|x64
		Debug|x86 = Debug|x86
		Release|x64 = Release|x64
		Release|x86 = Release|x86
	EndGlobalSection
	GlobalSection(ProjectConfigurationPlatforms) = postSolution
		{ECDDD825-2F01-4EA4-A055-793DFEDDEF92}.Debug|x64.ActiveCfg = Debug|x64
		{ECDDD825-2F01-4EA4-A055-793DFEDDEF92}.Debug|x64.Build.0 = Debug|x64
		{ECDDD825-2F01-4EA4-A055-793DFEDDEF92}.Debug|x86.ActiveCfg = Debug|Win32
		{ECDDD825-2F01-4EA4-A055-793DFEDDEF92}.Debug|x86.Build.0 = Debug|Win32
		{ECDDD825-2F01-4EA4-A055-793DFEDDEF92}.Release|x64.ActiveCfg = Release|x64
		{ECDDD825-2F01-4EA4-A055-793DFEDDEF92}.Release|x64.Build.0 = Release|x64
		{ECDDD825-2F01-4EA4-A055-793DFEDDEF92}.Release|x86.ActiveCfg = Release|Win32
		{ECDDD825-2F01-4EA4-A055-793DFEDDEF92}.Release|x86.Build.0 = Release|Win32
	EndGlobalSection
	GlobalSection(SolutionProperties) = preSolution
		HideSolutionNode = FALSE
	EndGlobalSection
	GlobalSection(ExtensibilityGlobals) = postSolution
		SolutionGuid = {D2E4A09C-6DC2-40D1-BDBA-AB227330EA65}
	EndGlobalSection
EndGlobal
